
Microsoft Visual Studio Solution File, Format Version 12.00
# Visual Studio Version 17
VisualStudioVersion = 17.8.34330.188
MinimumVisualStudioVersion = 10.0.40219.1
Project("{F184B08F-C81C-45F6-A57F-5ABD9991F28F}") = "NazKuafor", "NazKuafor\NazKuafor.vbproj", "{823E98C5-FEBE-45BD-B3CC-00EE7765829A}"
EndProject
Global
	GlobalSection(SolutionConfigurationPlatforms) = preSolution
		Debug|Any CPU = Debug|Any CPU
		Release|Any CPU = Release|Any CPU
	EndGlobalSection
	GlobalSection(ProjectConfigurationPlatforms) = postSolution
		{823E98C5-FEBE-45BD-B3CC-00EE7765829A}.Debug|Any CPU.ActiveCfg = Debug|Any CPU
		{823E98C5-FEBE-45BD-B3CC-00EE7765829A}.Debug|Any CPU.Build.0 = Debug|Any CPU
		{823E98C5-FEBE-45BD-B3CC-00EE7765829A}.Release|Any CPU.ActiveCfg = Release|Any CPU
		{823E98C5-FEBE-45BD-B3CC-00EE7765829A}.Release|Any CPU.Build.0 = Release|Any CPU
	EndGlobalSection
	GlobalSection(SolutionProperties) = preSolution
		HideSolutionNode = FALSE
	EndGlobalSection
	GlobalSection(ExtensibilityGlobals) = postSolution
		SolutionGuid = {C6769622-A1A3-4BF6-8AF6-CCC266EABC0E}
	EndGlobalSection
EndGlobal
